<?xml version="1.0" encoding="UTF-8" standalone="yes" ?>
<CodeBlocks_project_file>
	<FileVersion major="1" minor="6" />
	<Project>
		<Option title="BoltEngine" />
		<Option pch_mode="2" />
		<Option compiler="gcc" />
		<Build>
			<Target title="Debug">
				<Option output="bin/Debug/BoltEngine" prefix_auto="1" extension_auto="1" />
				<Option object_output="obj/Debug/" />
				<Option type="1" />
				<Option compiler="gcc" />
				<Compiler>
					<Add option="-g" />
					<Add directory="./" />
					<Add directory="Graphics" />
					<Add directory="Physics" />
					<Add directory="Object" />
					<Add directory="Characters" />
					<Add directory="Events" />
					<Add directory="Timer" />
					<Add directory="Map" />
				</Compiler>
			</Target>
			<Target title="Release">
				<Option output="bin/Release/BoltEngine" prefix_auto="1" extension_auto="1" />
				<Option object_output="obj/Release/" />
				<Option type="1" />
				<Option compiler="gcc" />
				<Compiler>
					<Add option="-O2" />
					<Add directory="./" />
					<Add directory="Graphics" />
					<Add directory="Physics" />
					<Add directory="Object" />
					<Add directory="Characters" />
					<Add directory="Events" />
					<Add directory="Timer" />
					<Add directory="Map" />
				</Compiler>
				<Linker>
					<Add option="-s" />
				</Linker>
			</Target>
		</Build>
		<Compiler>
			<Add option="-Wall" />
			<Add option="-fexceptions" />
		</Compiler>
		<Unit filename="Characters/Character.h" />
		<Unit filename="Characters/Warrior.cpp" />
		<Unit filename="Characters/Warrior.h" />
		<Unit filename="Engine.cpp" />
		<Unit filename="Engine.h" />
		<Unit filename="Events/Event.cpp" />
		<Unit filename="Events/Event.h" />
		<Unit filename="Graphics/Animation.cpp" />
		<Unit filename="Graphics/Animation.h" />
		<Unit filename="Graphics/Texture.cpp" />
		<Unit filename="Graphics/Texture.h" />
		<Unit filename="Map/GameMap.h" />
		<Unit filename="Map/Layer.h" />
		<Unit filename="Map/TileLayer.cpp" />
		<Unit filename="Map/TileLayer.h" />
		<Unit filename="Object/GameObject.h" />
		<Unit filename="Object/IObject.h" />
		<Unit filename="Physics/RigidBody.h" />
		<Unit filename="Physics/Transform.h" />
		<Unit filename="Physics/Vector2D.h" />
		<Unit filename="Timer/Timer.cpp" />
		<Unit filename="Timer/Timer.h" />
		<Unit filename="main.cpp" />
		<Extensions>
			<lib_finder disable_auto="1" />
		</Extensions>
	</Project>
</CodeBlocks_project_file>
